
Microsoft Visual Studio Solution File, Format Version 12.00
# Visual Studio Version 17
VisualStudioVersion = 17.2.32519.379
MinimumVisualStudioVersion = 10.0.40219.1
Project("{FAE04EC0-301F-11D3-BF4B-00C04F79EFBC}") = "atv1- JUROS", "atv1- JUROS\atv1- JUROS.csproj", "{9EF20CFE-1C04-4EFA-85AB-9A3799519A8A}"
EndProject
Global
	GlobalSection(SolutionConfigurationPlatforms) = preSolution
		Debug|Any CPU = Debug|Any CPU
		Release|Any CPU = Release|Any CPU
	EndGlobalSection
	GlobalSection(ProjectConfigurationPlatforms) = postSolution
		{9EF20CFE-1C04-4EFA-85AB-9A3799519A8A}.Debug|Any CPU.ActiveCfg = Debug|Any CPU
		{9EF20CFE-1C04-4EFA-85AB-9A3799519A8A}.Debug|Any CPU.Build.0 = Debug|Any CPU
		{9EF20CFE-1C04-4EFA-85AB-9A3799519A8A}.Release|Any CPU.ActiveCfg = Release|Any CPU
		{9EF20CFE-1C04-4EFA-85AB-9A3799519A8A}.Release|Any CPU.Build.0 = Release|Any CPU
	EndGlobalSection
	GlobalSection(SolutionProperties) = preSolution
		HideSolutionNode = FALSE
	EndGlobalSection
	GlobalSection(ExtensibilityGlobals) = postSolution
		SolutionGuid = {84DA7893-7423-4698-B375-056E8D4DE8B9}
	EndGlobalSection
EndGlobal
