
Microsoft Visual Studio Solution File, Format Version 12.00
# Visual Studio Version 17
VisualStudioVersion = 17.2.32519.379
MinimumVisualStudioVersion = 10.0.40219.1
Project("{FAE04EC0-301F-11D3-BF4B-00C04F79EFBC}") = "atv1- JURO", "atv1- JURO\atv1- JURO.csproj", "{81B073E5-552F-4216-A4E6-E62D76800C06}"
EndProject
Global
	GlobalSection(SolutionConfigurationPlatforms) = preSolution
		Debug|Any CPU = Debug|Any CPU
		Release|Any CPU = Release|Any CPU
	EndGlobalSection
	GlobalSection(ProjectConfigurationPlatforms) = postSolution
		{81B073E5-552F-4216-A4E6-E62D76800C06}.Debug|Any CPU.ActiveCfg = Debug|Any CPU
		{81B073E5-552F-4216-A4E6-E62D76800C06}.Debug|Any CPU.Build.0 = Debug|Any CPU
		{81B073E5-552F-4216-A4E6-E62D76800C06}.Release|Any CPU.ActiveCfg = Release|Any CPU
		{81B073E5-552F-4216-A4E6-E62D76800C06}.Release|Any CPU.Build.0 = Release|Any CPU
	EndGlobalSection
	GlobalSection(SolutionProperties) = preSolution
		HideSolutionNode = FALSE
	EndGlobalSection
	GlobalSection(ExtensibilityGlobals) = postSolution
		SolutionGuid = {509A9904-87C7-4F81-B55D-3F82D85AC02A}
	EndGlobalSection
EndGlobal
