
Microsoft Visual Studio Solution File, Format Version 12.00
# Visual Studio Version 17
VisualStudioVersion = 17.5.33424.131
MinimumVisualStudioVersion = 10.0.40219.1
Project("{FAE04EC0-301F-11D3-BF4B-00C04F79EFBC}") = "DateTime", "DateTime\DateTime.csproj", "{4BEB8BD5-CFED-4D9D-A790-41A7F8BD9A9E}"
EndProject
Global
	GlobalSection(SolutionConfigurationPlatforms) = preSolution
		Debug|Any CPU = Debug|Any CPU
		Release|Any CPU = Release|Any CPU
	EndGlobalSection
	GlobalSection(ProjectConfigurationPlatforms) = postSolution
		{4BEB8BD5-CFED-4D9D-A790-41A7F8BD9A9E}.Debug|Any CPU.ActiveCfg = Debug|Any CPU
		{4BEB8BD5-CFED-4D9D-A790-41A7F8BD9A9E}.Debug|Any CPU.Build.0 = Debug|Any CPU
		{4BEB8BD5-CFED-4D9D-A790-41A7F8BD9A9E}.Release|Any CPU.ActiveCfg = Release|Any CPU
		{4BEB8BD5-CFED-4D9D-A790-41A7F8BD9A9E}.Release|Any CPU.Build.0 = Release|Any CPU
	EndGlobalSection
	GlobalSection(SolutionProperties) = preSolution
		HideSolutionNode = FALSE
	EndGlobalSection
	GlobalSection(ExtensibilityGlobals) = postSolution
		SolutionGuid = {29425FDF-F62E-40F5-A35C-E6230CC32A4F}
	EndGlobalSection
EndGlobal
